// !$*UTF8*$!
{
	archiveVersion = 1;
	classes = {
	};
	objectVersion = 46;
	objects = {

/* Begin PBXBuildFile section */
		9B1678EA1E9E4E7700FF94DC /* AppDelegate.swift in Sources */ = {isa = PBXBuildFile; fileRef = 9B1678E91E9E4E7700FF94DC /* AppDelegate.swift */; };
		9B1678EC1E9E4E7700FF94DC /* ViewController.swift in Sources */ = {isa = PBXBuildFile; fileRef = 9B1678EB1E9E4E7700FF94DC /* ViewController.swift */; };
		9B1678EF1E9E4E7700FF94DC /* Main.storyboard in Resources */ = {isa = PBXBuildFile; fileRef = 9B1678ED1E9E4E7700FF94DC /* Main.storyboard */; };
		9B1678F11E9E4E7700FF94DC /* Assets.xcassets in Resources */ = {isa = PBXBuildFile; fileRef = 9B1678F01E9E4E7700FF94DC /* Assets.xcassets */; };
		9B1678F41E9E4E7700FF94DC /* LaunchScreen.storyboard in Resources */ = {isa = PBXBuildFile; fileRef = 9B1678F21E9E4E7700FF94DC /* LaunchScreen.storyboard */; };
		9B1678FF1E9E4E7700FF94DC /* swiftMVVMUITests.swift in Sources */ = {isa = PBXBuildFile; fileRef = 9B1678FE1E9E4E7700FF94DC /* swiftMVVMUITests.swift */; };
/* End PBXBuildFile section */

/* Begin PBXContainerItemProxy section */
		9B1678FB1E9E4E7700FF94DC /* PBXContainerItemProxy */ = {
			isa = PBXContainerItemProxy;
			containerPortal = 9B1678DE1E9E4E7700FF94DC /* Project object */;
			proxyType = 1;
			remoteGlobalIDString = 9B1678E51E9E4E7700FF94DC;
			remoteInfo = swiftMVVM;
		};
/* End PBXContainerItemProxy section */

/* Begin PBXFileReference section */
		9B1678E61E9E4E7700FF94DC /* swiftMVVM.app */ = {isa = PBXFileReference; explicitFileType = wrapper.application; includeInIndex = 0; path = swiftMVVM.app; sourceTree = BUILT_PRODUCTS_DIR; };
		9B1678E91E9E4E7700FF94DC /* AppDelegate.swift */ = {isa = PBXFileReference; lastKnownFileType = sourcecode.swift; path = AppDelegate.swift; sourceTree = "<group>"; };
		9B1678EB1E9E4E7700FF94DC /* ViewController.swift */ = {isa = PBXFileReference; lastKnownFileType = sourcecode.swift; path = ViewController.swift; sourceTree = "<group>"; };
		9B1678EE1E9E4E7700FF94DC /* Base */ = {isa = PBXFileReference; lastKnownFileType = file.storyboard; name = Base; path = Base.lproj/Main.storyboard; sourceTree = "<group>"; };
		9B1678F01E9E4E7700FF94DC /* Assets.xcassets */ = {isa = PBXFileReference; lastKnownFileType = folder.assetcatalog; path = Assets.xcassets; sourceTree = "<group>"; };
		9B1678F31E9E4E7700FF94DC /* Base */ = {isa = PBXFileReference; lastKnownFileType = file.storyboard; name = Base; path = Base.lproj/LaunchScreen.storyboard; sourceTree = "<group>"; };
		9B1678F51E9E4E7700FF94DC /* Info.plist */ = {isa = PBXFileReference; lastKnownFileType = text.plist.xml; path = Info.plist; sourceTree = "<group>"; };
		9B1678FA1E9E4E7700FF94DC /* swiftMVVMUITests.xctest */ = {isa = PBXFileReference; explicitFileType = wrapper.cfbundle; includeInIndex = 0; path = swiftMVVMUITests.xctest; sourceTree = BUILT_PRODUCTS_DIR; };
		9B1678FE1E9E4E7700FF94DC /* swiftMVVMUITests.swift */ = {isa = PBXFileReference; lastKnownFileType = sourcecode.swift; path = swiftMVVMUITests.swift; sourceTree = "<group>"; };
		9B1679001E9E4E7700FF94DC /* Info.plist */ = {isa = PBXFileReference; lastKnownFileType = text.plist.xml; path = Info.plist; sourceTree = "<group>"; };
/* End PBXFileReference section */

/* Begin PBXFrameworksBuildPhase section */
		9B1678E31E9E4E7700FF94DC /* Frameworks */ = {
			isa = PBXFrameworksBuildPhase;
			buildActionMask = 2147483647;
			files = (
			);
			runOnlyForDeploymentPostprocessing = 0;
		};
		9B1678F71E9E4E7700FF94DC /* Frameworks */ = {
			isa = PBXFrameworksBuildPhase;
			buildActionMask = 2147483647;
			files = (
			);
			runOnlyForDeploymentPostprocessing = 0;
		};
/* End PBXFrameworksBuildPhase section */

/* Begin PBXGroup section */
		9B1678DD1E9E4E7700FF94DC = {
			isa = PBXGroup;
			children = (
				9B1678E81E9E4E7700FF94DC /* swiftMVVM */,
				9B1678FD1E9E4E7700FF94DC /* swiftMVVMUITests */,
				9B1678E71E9E4E7700FF94DC /* Products */,
			);
			sourceTree = "<group>";
		};
		9B1678E71E9E4E7700FF94DC /* Products */ = {
			isa = PBXGroup;
			children = (
				9B1678E61E9E4E7700FF94DC /* swiftMVVM.app */,
				9B1678FA1E9E4E7700FF94DC /* swiftMVVMUITests.xctest */,
			);
			name = Products;
			sourceTree = "<group>";
		};
		9B1678E81E9E4E7700FF94DC /* swiftMVVM */ = {
			isa = PBXGroup;
			children = (
				9B1678E91E9E4E7700FF94DC /* AppDelegate.swift */,
				9B1678EB1E9E4E7700FF94DC /* ViewController.swift */,
				9B1678ED1E9E4E7700FF94DC /* Main.storyboard */,
				9B1678F01E9E4E7700FF94DC /* Assets.xcassets */,
				9B1678F21E9E4E7700FF94DC /* LaunchScreen.storyboard */,
				9B1678F51E9E4E7700FF94DC /* Info.plist */,
			);
			path = swiftMVVM;
			sourceTree = "<group>";
		};
		9B1678FD1E9E4E7700FF94DC /* swiftMVVMUITests */ = {
			isa = PBXGroup;
			children = (
				9B1678FE1E9E4E7700FF94DC /* swiftMVVMUITests.swift */,
				9B1679001E9E4E7700FF94DC /* Info.plist */,
			);
			path = swiftMVVMUITests;
			sourceTree = "<group>";
		};
/* End PBXGroup section */

/* Begin PBXNativeTarget section */
		9B1678E51E9E4E7700FF94DC /* swiftMVVM */ = {
			isa = PBXNativeTarget;
			buildConfigurationList = 9B1679031E9E4E7700FF94DC /* Build configuration list for PBXNativeTarget "swiftMVVM" */;
			buildPhases = (
				9B1678E21E9E4E7700FF94DC /* Sources */,
				9B1678E31E9E4E7700FF94DC /* Frameworks */,
				9B1678E41E9E4E7700FF94DC /* Resources */,
			);
			buildRules = (
			);
			dependencies = (
			);
			name = swiftMVVM;
			productName = swiftMVVM;
			productReference = 9B1678E61E9E4E7700FF94DC /* swiftMVVM.app */;
			productType = "com.apple.product-type.application";
		};
		9B1678F91E9E4E7700FF94DC /* swiftMVVMUITests */ = {
			isa = PBXNativeTarget;
			buildConfigurationList = 9B1679061E9E4E7700FF94DC /* Build configuration list for PBXNativeTarget "swiftMVVMUITests" */;
			buildPhases = (
				9B1678F61E9E4E7700FF94DC /* Sources */,
				9B1678F71E9E4E7700FF94DC /* Frameworks */,
				9B1678F81E9E4E7700FF94DC /* Resources */,
			);
			buildRules = (
			);
			dependencies = (
				9B1678FC1E9E4E7700FF94DC /* PBXTargetDependency */,
			);
			name = swiftMVVMUITests;
			productName = swiftMVVMUITests;
			productReference = 9B1678FA1E9E4E7700FF94DC /* swiftMVVMUITests.xctest */;
			productType = "com.apple.product-type.bundle.ui-testing";
		};
/* End PBXNativeTarget section */

/* Begin PBXProject section */
		9B1678DE1E9E4E7700FF94DC /* Project object */ = {
			isa = PBXProject;
			attributes = {
				LastSwiftUpdateCheck = 0820;
				LastUpgradeCheck = 0820;
				ORGANIZATIONNAME = GeekTree;
				TargetAttributes = {
					9B1678E51E9E4E7700FF94DC = {
						CreatedOnToolsVersion = 8.2.1;
						ProvisioningStyle = Automatic;
					};
					9B1678F91E9E4E7700FF94DC = {
						CreatedOnToolsVersion = 8.2.1;
						ProvisioningStyle = Automatic;
						TestTargetID = 9B1678E51E9E4E7700FF94DC;
					};
				};
			};
			buildConfigurationList = 9B1678E11E9E4E7700FF94DC /* Build configuration list for PBXProject "swiftMVVM" */;
			compatibilityVersion = "Xcode 3.2";
			developmentRegion = English;
			hasScannedForEncodings = 0;
			knownRegions = (
				en,
				Base,
			);
			mainGroup = 9B1678DD1E9E4E7700FF94DC;
			productRefGroup = 9B1678E71E9E4E7700FF94DC /* Products */;
			projectDirPath = "";
			projectRoot = "";
			targets = (
				9B1678E51E9E4E7700FF94DC /* swiftMVVM */,
				9B1678F91E9E4E7700FF94DC /* swiftMVVMUITests */,
			);
		};
/* End PBXProject section */

/* Begin PBXResourcesBuildPhase section */
		9B1678E41E9E4E7700FF94DC /* Resources */ = {
			isa = PBXResourcesBuildPhase;
			buildActionMask = 2147483647;
			files = (
				9B1678F41E9E4E7700FF94DC /* LaunchScreen.storyboard in Resources */,
				9B1678F11E9E4E7700FF94DC /* Assets.xcassets in Resources */,
				9B1678EF1E9E4E7700FF94DC /* Main.storyboard in Resources */,
			);
			runOnlyForDeploymentPostprocessing = 0;
		};
		9B1678F81E9E4E7700FF94DC /* Resources */ = {
			isa = PBXResourcesBuildPhase;
			buildActionMask = 2147483647;
			files = (
			);
			runOnlyForDeploymentPostprocessing = 0;
		};
/* End PBXResourcesBuildPhase section */

/* Begin PBXSourcesBuildPhase section */
		9B1678E21E9E4E7700FF94DC /* Sources */ = {
			isa = PBXSourcesBuildPhase;
			buildActionMask = 2147483647;
			files = (
				9B1678EC1E9E4E7700FF94DC /* ViewController.swift in Sources */,
				9B1678EA1E9E4E7700FF94DC /* AppDelegate.swift in Sources */,
			);
			runOnlyForDeploymentPostprocessing = 0;
		};
		9B1678F61E9E4E7700FF94DC /* Sources */ = {
			isa = PBXSourcesBuildPhase;
			buildActionMask = 2147483647;
			files = (
				9B1678FF1E9E4E7700FF94DC /* swiftMVVMUITests.swift in Sources */,
			);
			runOnlyForDeploymentPostprocessing = 0;
		};
/* End PBXSourcesBuildPhase section */

/* Begin PBXTargetDependency section */
		9B1678FC1E9E4E7700FF94DC /* PBXTargetDependency */ = {
			isa = PBXTargetDependency;
			target = 9B1678E51E9E4E7700FF94DC /* swiftMVVM */;
			targetProxy = 9B1678FB1E9E4E7700FF94DC /* PBXContainerItemProxy */;
		};
/* End PBXTargetDependency section */

/* Begin PBXVariantGroup section */
		9B1678ED1E9E4E7700FF94DC /* Main.storyboard */ = {
			isa = PBXVariantGroup;
			children = (
				9B1678EE1E9E4E7700FF94DC /* Base */,
			);
			name = Main.storyboard;
			sourceTree = "<group>";
		};
		9B1678F21E9E4E7700FF94DC /* LaunchScreen.storyboard */ = {
			isa = PBXVariantGroup;
			children = (
				9B1678F31E9E4E7700FF94DC /* Base */,
			);
			name = LaunchScreen.storyboard;
			sourceTree = "<group>";
		};
/* End PBXVariantGroup section */

/* Begin XCBuildConfiguration section */
		9B1679011E9E4E7700FF94DC /* Debug */ = {
			isa = XCBuildConfiguration;
			buildSettings = {
				ALWAYS_SEARCH_USER_PATHS = NO;
				CLANG_ANALYZER_NONNULL = YES;
				CLANG_CXX_LANGUAGE_STANDARD = "gnu++0x";
				CLANG_CXX_LIBRARY = "libc++";
				CLANG_ENABLE_MODULES = YES;
				CLANG_ENABLE_OBJC_ARC = YES;
				CLANG_WARN_BOOL_CONVERSION = YES;
				CLANG_WARN_CONSTANT_CONVERSION = YES;
				CLANG_WARN_DIRECT_OBJC_ISA_USAGE = YES_ERROR;
				CLANG_WARN_DOCUMENTATION_COMMENTS = YES;
				CLANG_WARN_EMPTY_BODY = YES;
				CLANG_WARN_ENUM_CONVERSION = YES;
				CLANG_WARN_INFINITE_RECURSION = YES;
				CLANG_WARN_INT_CONVERSION = YES;
				CLANG_WARN_OBJC_ROOT_CLASS = YES_ERROR;
				CLANG_WARN_SUSPICIOUS_MOVE = YES;
				CLANG_WARN_UNREACHABLE_CODE = YES;
				CLANG_WARN__DUPLICATE_METHOD_MATCH = YES;
				"CODE_SIGN_IDENTITY[sdk=iphoneos*]" = "iPhone Developer";
				COPY_PHASE_STRIP = NO;
				DEBUG_INFORMATION_FORMAT = dwarf;
				ENABLE_STRICT_OBJC_MSGSEND = YES;
				ENABLE_TESTABILITY = YES;
				GCC_C_LANGUAGE_STANDARD = gnu99;
				GCC_DYNAMIC_NO_PIC = NO;
				GCC_NO_COMMON_BLOCKS = YES;
				GCC_OPTIMIZATION_LEVEL = 0;
				GCC_PREPROCESSOR_DEFINITIONS = (
					"DEBUG=1",
					"$(inherited)",
				);
				GCC_WARN_64_TO_32_BIT_CONVERSION = YES;
				GCC_WARN_ABOUT_RETURN_TYPE = YES_ERROR;
				GCC_WARN_UNDECLARED_SELECTOR = YES;
				GCC_WARN_UNINITIALIZED_AUTOS = YES_AGGRESSIVE;
				GCC_WARN_UNUSED_FUNCTION = YES;
				GCC_WARN_UNUSED_VARIABLE = YES;
				IPHONEOS_DEPLOYMENT_TARGET = 10.2;
				MTL_ENABLE_DEBUG_INFO = YES;
				ONLY_ACTIVE_ARCH = YES;
				SDKROOT = iphoneos;
				SWIFT_ACTIVE_COMPILATION_CONDITIONS = DEBUG;
				SWIFT_OPTIMIZATION_LEVEL = "-Onone";
			};
			name = Debug;
		};
		9B1679021E9E4E7700FF94DC /* Release */ = {
			isa = XCBuildConfiguration;
			buildSettings = {
				ALWAYS_SEARCH_USER_PATHS = NO;
				CLANG_ANALYZER_NONNULL = YES;
				CLANG_CXX_LANGUAGE_STANDARD = "gnu++0x";
				CLANG_CXX_LIBRARY = "libc++";
				CLANG_ENABLE_MODULES = YES;
				CLANG_ENABLE_OBJC_ARC = YES;
				CLANG_WARN_BOOL_CONVERSION = YES;
				CLANG_WARN_CONSTANT_CONVERSION = YES;
				CLANG_WARN_DIRECT_OBJC_ISA_USAGE = YES_ERROR;
				CLANG_WARN_DOCUMENTATION_COMMENTS = YES;
				CLANG_WARN_EMPTY_BODY = YES;
				CLANG_WARN_ENUM_CONVERSION = YES;
				CLANG_WARN_INFINITE_RECURSION = YES;
				CLANG_WARN_INT_CONVERSION = YES;
				CLANG_WARN_OBJC_ROOT_CLASS = YES_ERROR;
				CLANG_WARN_SUSPICIOUS_MOVE = YES;
				CLANG_WARN_UNREACHABLE_CODE = YES;
				CLANG_WARN__DUPLICATE_METHOD_MATCH = YES;
				"CODE_SIGN_IDENTITY[sdk=iphoneos*]" = "iPhone Developer";
				COPY_PHASE_STRIP = NO;
				DEBUG_INFORMATION_FORMAT = "dwarf-with-dsym";
				ENABLE_NS_ASSERTIONS = NO;
				ENABLE_STRICT_OBJC_MSGSEND = YES;
				GCC_C_LANGUAGE_STANDARD = gnu99;
				GCC_NO_COMMON_BLOCKS = YES;
				GCC_WARN_64_TO_32_BIT_CONVERSION = YES;
				GCC_WARN_ABOUT_RETURN_TYPE = YES_ERROR;
				GCC_WARN_UNDECLARED_SELECTOR = YES;
				GCC_WARN_UNINITIALIZED_AUTOS = YES_AGGRESSIVE;
				GCC_WARN_UNUSED_FUNCTION = YES;
				GCC_WARN_UNUSED_VARIABLE = YES;
				IPHONEOS_DEPLOYMENT_TARGET = 10.2;
				MTL_ENABLE_DEBUG_INFO = NO;
				SDKROOT = iphoneos;
				SWIFT_OPTIMIZATION_LEVEL = "-Owholemodule";
				VALIDATE_PRODUCT = YES;
			};
			name = Release;
		};
		9B1679041E9E4E7700FF94DC /* Debug */ = {
			isa = XCBuildConfiguration;
			buildSettings = {
				ASSETCATALOG_COMPILER_APPICON_NAME = AppIcon;
				INFOPLIST_FILE = swiftMVVM/Info.plist;
				LD_RUNPATH_SEARCH_PATHS = "$(inherited) @executable_path/Frameworks";
				PRODUCT_BUNDLE_IDENTIFIER = app.swiftMVVM;
				PRODUCT_NAME = "$(TARGET_NAME)";
				SWIFT_VERSION = 3.0;
			};
			name = Debug;
		};
		9B1679051E9E4E7700FF94DC /* Release */ = {
			isa = XCBuildConfiguration;
			buildSettings = {
				ASSETCATALOG_COMPILER_APPICON_NAME = AppIcon;
				INFOPLIST_FILE = swiftMVVM/Info.plist;
				LD_RUNPATH_SEARCH_PATHS = "$(inherited) @executable_path/Frameworks";
				PRODUCT_BUNDLE_IDENTIFIER = app.swiftMVVM;
				PRODUCT_NAME = "$(TARGET_NAME)";
				SWIFT_VERSION = 3.0;
			};
			name = Release;
		};
		9B1679071E9E4E7700FF94DC /* Debug */ = {
			isa = XCBuildConfiguration;
			buildSettings = {
				ALWAYS_EMBED_SWIFT_STANDARD_LIBRARIES = YES;
				INFOPLIST_FILE = swiftMVVMUITests/Info.plist;
				LD_RUNPATH_SEARCH_PATHS = "$(inherited) @executable_path/Frameworks @loader_path/Frameworks";
				PRODUCT_BUNDLE_IDENTIFIER = app.swiftMVVMUITests;
				PRODUCT_NAME = "$(TARGET_NAME)";
				SWIFT_VERSION = 3.0;
				TEST_TARGET_NAME = swiftMVVM;
			};
			name = Debug;
		};
		9B1679081E9E4E7700FF94DC /* Release */ = {
			isa = XCBuildConfiguration;
			buildSettings = {
				ALWAYS_EMBED_SWIFT_STANDARD_LIBRARIES = YES;
				INFOPLIST_FILE = swiftMVVMUITests/Info.plist;
				LD_RUNPATH_SEARCH_PATHS = "$(inherited) @executable_path/Frameworks @loader_path/Frameworks";
				PRODUCT_BUNDLE_IDENTIFIER = app.swiftMVVMUITests;
				PRODUCT_NAME = "$(TARGET_NAME)";
				SWIFT_VERSION = 3.0;
				TEST_TARGET_NAME = swiftMVVM;
			};
			name = Release;
		};
/* End XCBuildConfiguration section */

/* Begin XCConfigurationList section */
		9B1678E11E9E4E7700FF94DC /* Build configuration list for PBXProject "swiftMVVM" */ = {
			isa = XCConfigurationList;
			buildConfigurations = (
				9B1679011E9E4E7700FF94DC /* Debug */,
				9B1679021E9E4E7700FF94DC /* Release */,
			);
			defaultConfigurationIsVisible = 0;
			defaultConfigurationName = Release;
		};
		9B1679031E9E4E7700FF94DC /* Build configuration list for PBXNativeTarget "swiftMVVM" */ = {
			isa = XCConfigurationList;
			buildConfigurations = (
				9B1679041E9E4E7700FF94DC /* Debug */,
				9B1679051E9E4E7700FF94DC /* Release */,
			);
			defaultConfigurationIsVisible = 0;
		};
		9B1679061E9E4E7700FF94DC /* Build configuration list for PBXNativeTarget "swiftMVVMUITests" */ = {
			isa = XCConfigurationList;
			buildConfigurations = (
				9B1679071E9E4E7700FF94DC /* Debug */,
				9B1679081E9E4E7700FF94DC /* Release */,
			);
			defaultConfigurationIsVisible = 0;
		};
/* End XCConfigurationList section */
	};
	rootObject = 9B1678DE1E9E4E7700FF94DC /* Project object */;
}
