// !$*UTF8*$!
{
	archiveVersion = 1;
	classes = {
	};
	objectVersion = 46;
	objects = {

/* Begin PBXBuildFile section */
		228B24887ADB46BE67CBC861 /* Pods_swiftMVVM.framework in Frameworks */ = {isa = PBXBuildFile; fileRef = D36AAA7BAFCAC4F353C6BC28 /* Pods_swiftMVVM.framework */; };
		9B13C5941E9E539B0093BB79 /* interestCountryView.swift in Sources */ = {isa = PBXBuildFile; fileRef = 9B13C5931E9E539B0093BB79 /* interestCountryView.swift */; };
		9B13C5961E9E53A80093BB79 /* interestCountryView.xib in Resources */ = {isa = PBXBuildFile; fileRef = 9B13C5951E9E53A80093BB79 /* interestCountryView.xib */; };
		9B13C5991E9E56290093BB79 /* UIView+extension.swift in Sources */ = {isa = PBXBuildFile; fileRef = 9B13C5981E9E56290093BB79 /* UIView+extension.swift */; };
		9B13C59B1E9E56950093BB79 /* Podfile in Resources */ = {isa = PBXBuildFile; fileRef = 9B13C59A1E9E56950093BB79 /* Podfile */; };
		9B13C59D1E9E578C0093BB79 /* Country.swift in Sources */ = {isa = PBXBuildFile; fileRef = 9B13C59C1E9E578C0093BB79 /* Country.swift */; };
		9B13C59F1E9E5ABF0093BB79 /* Country+Network.swift in Sources */ = {isa = PBXBuildFile; fileRef = 9B13C59E1E9E5ABF0093BB79 /* Country+Network.swift */; };
		9B1678EA1E9E4E7700FF94DC /* AppDelegate.swift in Sources */ = {isa = PBXBuildFile; fileRef = 9B1678E91E9E4E7700FF94DC /* AppDelegate.swift */; };
		9B1678F11E9E4E7700FF94DC /* Assets.xcassets in Resources */ = {isa = PBXBuildFile; fileRef = 9B1678F01E9E4E7700FF94DC /* Assets.xcassets */; };
		9B1678FF1E9E4E7700FF94DC /* swiftMVVMUITests.swift in Sources */ = {isa = PBXBuildFile; fileRef = 9B1678FE1E9E4E7700FF94DC /* swiftMVVMUITests.swift */; };
		9B16790B1E9E4EB700FF94DC /* MvvmMainController.swift in Sources */ = {isa = PBXBuildFile; fileRef = 9B1679091E9E4EB700FF94DC /* MvvmMainController.swift */; };
		9B4F072B1E9E82F200A2AABC /* interestCountryViewModel.swift in Sources */ = {isa = PBXBuildFile; fileRef = 9B4F072A1E9E82F200A2AABC /* interestCountryViewModel.swift */; };
/* End PBXBuildFile section */

/* Begin PBXContainerItemProxy section */
		9B1678FB1E9E4E7700FF94DC /* PBXContainerItemProxy */ = {
			isa = PBXContainerItemProxy;
			containerPortal = 9B1678DE1E9E4E7700FF94DC /* Project object */;
			proxyType = 1;
			remoteGlobalIDString = 9B1678E51E9E4E7700FF94DC;
			remoteInfo = swiftMVVM;
		};
/* End PBXContainerItemProxy section */

/* Begin PBXFileReference section */
		98748300826FCF1438FEE286 /* Pods-swiftMVVM.release.xcconfig */ = {isa = PBXFileReference; includeInIndex = 1; lastKnownFileType = text.xcconfig; name = "Pods-swiftMVVM.release.xcconfig"; path = "Pods/Target Support Files/Pods-swiftMVVM/Pods-swiftMVVM.release.xcconfig"; sourceTree = "<group>"; };
		9B13C5931E9E539B0093BB79 /* interestCountryView.swift */ = {isa = PBXFileReference; fileEncoding = 4; lastKnownFileType = sourcecode.swift; path = interestCountryView.swift; sourceTree = "<group>"; };
		9B13C5951E9E53A80093BB79 /* interestCountryView.xib */ = {isa = PBXFileReference; fileEncoding = 4; lastKnownFileType = file.xib; path = interestCountryView.xib; sourceTree = "<group>"; };
		9B13C5981E9E56290093BB79 /* UIView+extension.swift */ = {isa = PBXFileReference; fileEncoding = 4; lastKnownFileType = sourcecode.swift; path = "UIView+extension.swift"; sourceTree = "<group>"; };
		9B13C59A1E9E56950093BB79 /* Podfile */ = {isa = PBXFileReference; fileEncoding = 4; lastKnownFileType = text; path = Podfile; sourceTree = "<group>"; xcLanguageSpecificationIdentifier = xcode.lang.ruby; };
		9B13C59C1E9E578C0093BB79 /* Country.swift */ = {isa = PBXFileReference; fileEncoding = 4; lastKnownFileType = sourcecode.swift; path = Country.swift; sourceTree = "<group>"; };
		9B13C59E1E9E5ABF0093BB79 /* Country+Network.swift */ = {isa = PBXFileReference; fileEncoding = 4; lastKnownFileType = sourcecode.swift; path = "Country+Network.swift"; sourceTree = "<group>"; };
		9B1678E61E9E4E7700FF94DC /* swiftMVVM.app */ = {isa = PBXFileReference; explicitFileType = wrapper.application; includeInIndex = 0; path = swiftMVVM.app; sourceTree = BUILT_PRODUCTS_DIR; };
		9B1678E91E9E4E7700FF94DC /* AppDelegate.swift */ = {isa = PBXFileReference; lastKnownFileType = sourcecode.swift; path = AppDelegate.swift; sourceTree = "<group>"; };
		9B1678F01E9E4E7700FF94DC /* Assets.xcassets */ = {isa = PBXFileReference; lastKnownFileType = folder.assetcatalog; path = Assets.xcassets; sourceTree = "<group>"; };
		9B1678F51E9E4E7700FF94DC /* Info.plist */ = {isa = PBXFileReference; lastKnownFileType = text.plist.xml; path = Info.plist; sourceTree = "<group>"; };
		9B1678FA1E9E4E7700FF94DC /* swiftMVVMUITests.xctest */ = {isa = PBXFileReference; explicitFileType = wrapper.cfbundle; includeInIndex = 0; path = swiftMVVMUITests.xctest; sourceTree = BUILT_PRODUCTS_DIR; };
		9B1678FE1E9E4E7700FF94DC /* swiftMVVMUITests.swift */ = {isa = PBXFileReference; lastKnownFileType = sourcecode.swift; path = swiftMVVMUITests.swift; sourceTree = "<group>"; };
		9B1679001E9E4E7700FF94DC /* Info.plist */ = {isa = PBXFileReference; lastKnownFileType = text.plist.xml; path = Info.plist; sourceTree = "<group>"; };
		9B1679091E9E4EB700FF94DC /* MvvmMainController.swift */ = {isa = PBXFileReference; fileEncoding = 4; lastKnownFileType = sourcecode.swift; path = MvvmMainController.swift; sourceTree = "<group>"; };
		9B4F072A1E9E82F200A2AABC /* interestCountryViewModel.swift */ = {isa = PBXFileReference; fileEncoding = 4; lastKnownFileType = sourcecode.swift; path = interestCountryViewModel.swift; sourceTree = "<group>"; };
		D36AAA7BAFCAC4F353C6BC28 /* Pods_swiftMVVM.framework */ = {isa = PBXFileReference; explicitFileType = wrapper.framework; includeInIndex = 0; path = Pods_swiftMVVM.framework; sourceTree = BUILT_PRODUCTS_DIR; };
		F0AB1F798209E97E1B46D4B6 /* Pods-swiftMVVM.debug.xcconfig */ = {isa = PBXFileReference; includeInIndex = 1; lastKnownFileType = text.xcconfig; name = "Pods-swiftMVVM.debug.xcconfig"; path = "Pods/Target Support Files/Pods-swiftMVVM/Pods-swiftMVVM.debug.xcconfig"; sourceTree = "<group>"; };
/* End PBXFileReference section */

/* Begin PBXFrameworksBuildPhase section */
		9B1678E31E9E4E7700FF94DC /* Frameworks */ = {
			isa = PBXFrameworksBuildPhase;
			buildActionMask = 2147483647;
			files = (
				228B24887ADB46BE67CBC861 /* Pods_swiftMVVM.framework in Frameworks */,
			);
			runOnlyForDeploymentPostprocessing = 0;
		};
		9B1678F71E9E4E7700FF94DC /* Frameworks */ = {
			isa = PBXFrameworksBuildPhase;
			buildActionMask = 2147483647;
			files = (
			);
			runOnlyForDeploymentPostprocessing = 0;
		};
/* End PBXFrameworksBuildPhase section */

/* Begin PBXGroup section */
		9B13C58B1E9E51FB0093BB79 /* Controllers */ = {
			isa = PBXGroup;
			children = (
				9B1679091E9E4EB700FF94DC /* MvvmMainController.swift */,
			);
			name = Controllers;
			sourceTree = "<group>";
		};
		9B13C58C1E9E52050093BB79 /* Models */ = {
			isa = PBXGroup;
			children = (
				9B13C59C1E9E578C0093BB79 /* Country.swift */,
				9B13C59E1E9E5ABF0093BB79 /* Country+Network.swift */,
			);
			name = Models;
			sourceTree = "<group>";
		};
		9B13C58D1E9E524F0093BB79 /* ViewModels */ = {
			isa = PBXGroup;
			children = (
				9B4F072A1E9E82F200A2AABC /* interestCountryViewModel.swift */,
			);
			name = ViewModels;
			sourceTree = "<group>";
		};
		9B13C58E1E9E52570093BB79 /* Views */ = {
			isa = PBXGroup;
			children = (
				9B13C5931E9E539B0093BB79 /* interestCountryView.swift */,
				9B13C5951E9E53A80093BB79 /* interestCountryView.xib */,
			);
			name = Views;
			sourceTree = "<group>";
		};
		9B13C5971E9E560C0093BB79 /* Extensions */ = {
			isa = PBXGroup;
			children = (
				9B13C5981E9E56290093BB79 /* UIView+extension.swift */,
			);
			name = Extensions;
			sourceTree = "<group>";
		};
		9B1678DD1E9E4E7700FF94DC = {
			isa = PBXGroup;
			children = (
				9B13C59A1E9E56950093BB79 /* Podfile */,
				9B1678E81E9E4E7700FF94DC /* swiftMVVM */,
				9B1678FD1E9E4E7700FF94DC /* swiftMVVMUITests */,
				9B1678E71E9E4E7700FF94DC /* Products */,
				DB1EFD1F6D4E542842E8EE98 /* Pods */,
				A6B47CEF9E45780CB0C0961C /* Frameworks */,
			);
			sourceTree = "<group>";
		};
		9B1678E71E9E4E7700FF94DC /* Products */ = {
			isa = PBXGroup;
			children = (
				9B1678E61E9E4E7700FF94DC /* swiftMVVM.app */,
				9B1678FA1E9E4E7700FF94DC /* swiftMVVMUITests.xctest */,
			);
			name = Products;
			sourceTree = "<group>";
		};
		9B1678E81E9E4E7700FF94DC /* swiftMVVM */ = {
			isa = PBXGroup;
			children = (
				9B13C5971E9E560C0093BB79 /* Extensions */,
				9B13C58E1E9E52570093BB79 /* Views */,
				9B13C58D1E9E524F0093BB79 /* ViewModels */,
				9B13C58C1E9E52050093BB79 /* Models */,
				9B13C58B1E9E51FB0093BB79 /* Controllers */,
				9B1678E91E9E4E7700FF94DC /* AppDelegate.swift */,
				9B1678F01E9E4E7700FF94DC /* Assets.xcassets */,
				9B1678F51E9E4E7700FF94DC /* Info.plist */,
			);
			path = swiftMVVM;
			sourceTree = "<group>";
		};
		9B1678FD1E9E4E7700FF94DC /* swiftMVVMUITests */ = {
			isa = PBXGroup;
			children = (
				9B1678FE1E9E4E7700FF94DC /* swiftMVVMUITests.swift */,
				9B1679001E9E4E7700FF94DC /* Info.plist */,
			);
			path = swiftMVVMUITests;
			sourceTree = "<group>";
		};
		A6B47CEF9E45780CB0C0961C /* Frameworks */ = {
			isa = PBXGroup;
			children = (
				D36AAA7BAFCAC4F353C6BC28 /* Pods_swiftMVVM.framework */,
			);
			name = Frameworks;
			sourceTree = "<group>";
		};
		DB1EFD1F6D4E542842E8EE98 /* Pods */ = {
			isa = PBXGroup;
			children = (
				F0AB1F798209E97E1B46D4B6 /* Pods-swiftMVVM.debug.xcconfig */,
				98748300826FCF1438FEE286 /* Pods-swiftMVVM.release.xcconfig */,
			);
			name = Pods;
			sourceTree = "<group>";
		};
/* End PBXGroup section */

/* Begin PBXNativeTarget section */
		9B1678E51E9E4E7700FF94DC /* swiftMVVM */ = {
			isa = PBXNativeTarget;
			buildConfigurationList = 9B1679031E9E4E7700FF94DC /* Build configuration list for PBXNativeTarget "swiftMVVM" */;
			buildPhases = (
				E097DF7D3D3060158E04DC69 /* [CP] Check Pods Manifest.lock */,
				9B1678E21E9E4E7700FF94DC /* Sources */,
				9B1678E31E9E4E7700FF94DC /* Frameworks */,
				9B1678E41E9E4E7700FF94DC /* Resources */,
				C9B7F8C78747F9E9812BCE63 /* [CP] Embed Pods Frameworks */,
				2B72FE65F86934A7632834D4 /* [CP] Copy Pods Resources */,
			);
			buildRules = (
			);
			dependencies = (
			);
			name = swiftMVVM;
			productName = swiftMVVM;
			productReference = 9B1678E61E9E4E7700FF94DC /* swiftMVVM.app */;
			productType = "com.apple.product-type.application";
		};
		9B1678F91E9E4E7700FF94DC /* swiftMVVMUITests */ = {
			isa = PBXNativeTarget;
			buildConfigurationList = 9B1679061E9E4E7700FF94DC /* Build configuration list for PBXNativeTarget "swiftMVVMUITests" */;
			buildPhases = (
				9B1678F61E9E4E7700FF94DC /* Sources */,
				9B1678F71E9E4E7700FF94DC /* Frameworks */,
				9B1678F81E9E4E7700FF94DC /* Resources */,
			);
			buildRules = (
			);
			dependencies = (
				9B1678FC1E9E4E7700FF94DC /* PBXTargetDependency */,
			);
			name = swiftMVVMUITests;
			productName = swiftMVVMUITests;
			productReference = 9B1678FA1E9E4E7700FF94DC /* swiftMVVMUITests.xctest */;
			productType = "com.apple.product-type.bundle.ui-testing";
		};
/* End PBXNativeTarget section */

/* Begin PBXProject section */
		9B1678DE1E9E4E7700FF94DC /* Project object */ = {
			isa = PBXProject;
			attributes = {
				LastSwiftUpdateCheck = 0820;
				LastUpgradeCheck = 0820;
				ORGANIZATIONNAME = GeekTree;
				TargetAttributes = {
					9B1678E51E9E4E7700FF94DC = {
						CreatedOnToolsVersion = 8.2.1;
						ProvisioningStyle = Automatic;
					};
					9B1678F91E9E4E7700FF94DC = {
						CreatedOnToolsVersion = 8.2.1;
						ProvisioningStyle = Automatic;
						TestTargetID = 9B1678E51E9E4E7700FF94DC;
					};
				};
			};
			buildConfigurationList = 9B1678E11E9E4E7700FF94DC /* Build configuration list for PBXProject "swiftMVVM" */;
			compatibilityVersion = "Xcode 3.2";
			developmentRegion = English;
			hasScannedForEncodings = 0;
			knownRegions = (
				en,
				Base,
			);
			mainGroup = 9B1678DD1E9E4E7700FF94DC;
			productRefGroup = 9B1678E71E9E4E7700FF94DC /* Products */;
			projectDirPath = "";
			projectRoot = "";
			targets = (
				9B1678E51E9E4E7700FF94DC /* swiftMVVM */,
				9B1678F91E9E4E7700FF94DC /* swiftMVVMUITests */,
			);
		};
/* End PBXProject section */

/* Begin PBXResourcesBuildPhase section */
		9B1678E41E9E4E7700FF94DC /* Resources */ = {
			isa = PBXResourcesBuildPhase;
			buildActionMask = 2147483647;
			files = (
				9B13C5961E9E53A80093BB79 /* interestCountryView.xib in Resources */,
				9B13C59B1E9E56950093BB79 /* Podfile in Resources */,
				9B1678F11E9E4E7700FF94DC /* Assets.xcassets in Resources */,
			);
			runOnlyForDeploymentPostprocessing = 0;
		};
		9B1678F81E9E4E7700FF94DC /* Resources */ = {
			isa = PBXResourcesBuildPhase;
			buildActionMask = 2147483647;
			files = (
			);
			runOnlyForDeploymentPostprocessing = 0;
		};
/* End PBXResourcesBuildPhase section */

/* Begin PBXShellScriptBuildPhase section */
		2B72FE65F86934A7632834D4 /* [CP] Copy Pods Resources */ = {
			isa = PBXShellScriptBuildPhase;
			buildActionMask = 2147483647;
			files = (
			);
			inputPaths = (
			);
			name = "[CP] Copy Pods Resources";
			outputPaths = (
			);
			runOnlyForDeploymentPostprocessing = 0;
			shellPath = /bin/sh;
			shellScript = "\"${SRCROOT}/Pods/Target Support Files/Pods-swiftMVVM/Pods-swiftMVVM-resources.sh\"\n";
			showEnvVarsInLog = 0;
		};
		C9B7F8C78747F9E9812BCE63 /* [CP] Embed Pods Frameworks */ = {
			isa = PBXShellScriptBuildPhase;
			buildActionMask = 2147483647;
			files = (
			);
			inputPaths = (
			);
			name = "[CP] Embed Pods Frameworks";
			outputPaths = (
			);
			runOnlyForDeploymentPostprocessing = 0;
			shellPath = /bin/sh;
			shellScript = "\"${SRCROOT}/Pods/Target Support Files/Pods-swiftMVVM/Pods-swiftMVVM-frameworks.sh\"\n";
			showEnvVarsInLog = 0;
		};
		E097DF7D3D3060158E04DC69 /* [CP] Check Pods Manifest.lock */ = {
			isa = PBXShellScriptBuildPhase;
			buildActionMask = 2147483647;
			files = (
			);
			inputPaths = (
			);
			name = "[CP] Check Pods Manifest.lock";
			outputPaths = (
			);
			runOnlyForDeploymentPostprocessing = 0;
			shellPath = /bin/sh;
			shellScript = "diff \"${PODS_ROOT}/../Podfile.lock\" \"${PODS_ROOT}/Manifest.lock\" > /dev/null\nif [ $? != 0 ] ; then\n    # print error to STDERR\n    echo \"error: The sandbox is not in sync with the Podfile.lock. Run 'pod install' or update your CocoaPods installation.\" >&2\n    exit 1\nfi\n";
			showEnvVarsInLog = 0;
		};
/* End PBXShellScriptBuildPhase section */

/* Begin PBXSourcesBuildPhase section */
		9B1678E21E9E4E7700FF94DC /* Sources */ = {
			isa = PBXSourcesBuildPhase;
			buildActionMask = 2147483647;
			files = (
				9B13C59D1E9E578C0093BB79 /* Country.swift in Sources */,
				9B4F072B1E9E82F200A2AABC /* interestCountryViewModel.swift in Sources */,
				9B13C5941E9E539B0093BB79 /* interestCountryView.swift in Sources */,
				9B16790B1E9E4EB700FF94DC /* MvvmMainController.swift in Sources */,
				9B13C5991E9E56290093BB79 /* UIView+extension.swift in Sources */,
				9B1678EA1E9E4E7700FF94DC /* AppDelegate.swift in Sources */,
				9B13C59F1E9E5ABF0093BB79 /* Country+Network.swift in Sources */,
			);
			runOnlyForDeploymentPostprocessing = 0;
		};
		9B1678F61E9E4E7700FF94DC /* Sources */ = {
			isa = PBXSourcesBuildPhase;
			buildActionMask = 2147483647;
			files = (
				9B1678FF1E9E4E7700FF94DC /* swiftMVVMUITests.swift in Sources */,
			);
			runOnlyForDeploymentPostprocessing = 0;
		};
/* End PBXSourcesBuildPhase section */

/* Begin PBXTargetDependency section */
		9B1678FC1E9E4E7700FF94DC /* PBXTargetDependency */ = {
			isa = PBXTargetDependency;
			target = 9B1678E51E9E4E7700FF94DC /* swiftMVVM */;
			targetProxy = 9B1678FB1E9E4E7700FF94DC /* PBXContainerItemProxy */;
		};
/* End PBXTargetDependency section */

/* Begin XCBuildConfiguration section */
		9B1679011E9E4E7700FF94DC /* Debug */ = {
			isa = XCBuildConfiguration;
			buildSettings = {
				ALWAYS_SEARCH_USER_PATHS = NO;
				CLANG_ANALYZER_NONNULL = YES;
				CLANG_CXX_LANGUAGE_STANDARD = "gnu++0x";
				CLANG_CXX_LIBRARY = "libc++";
				CLANG_ENABLE_MODULES = YES;
				CLANG_ENABLE_OBJC_ARC = YES;
				CLANG_WARN_BOOL_CONVERSION = YES;
				CLANG_WARN_CONSTANT_CONVERSION = YES;
				CLANG_WARN_DIRECT_OBJC_ISA_USAGE = YES_ERROR;
				CLANG_WARN_DOCUMENTATION_COMMENTS = YES;
				CLANG_WARN_EMPTY_BODY = YES;
				CLANG_WARN_ENUM_CONVERSION = YES;
				CLANG_WARN_INFINITE_RECURSION = YES;
				CLANG_WARN_INT_CONVERSION = YES;
				CLANG_WARN_OBJC_ROOT_CLASS = YES_ERROR;
				CLANG_WARN_SUSPICIOUS_MOVE = YES;
				CLANG_WARN_UNREACHABLE_CODE = YES;
				CLANG_WARN__DUPLICATE_METHOD_MATCH = YES;
				"CODE_SIGN_IDENTITY[sdk=iphoneos*]" = "iPhone Developer";
				COPY_PHASE_STRIP = NO;
				DEBUG_INFORMATION_FORMAT = dwarf;
				ENABLE_STRICT_OBJC_MSGSEND = YES;
				ENABLE_TESTABILITY = YES;
				GCC_C_LANGUAGE_STANDARD = gnu99;
				GCC_DYNAMIC_NO_PIC = NO;
				GCC_NO_COMMON_BLOCKS = YES;
				GCC_OPTIMIZATION_LEVEL = 0;
				GCC_PREPROCESSOR_DEFINITIONS = (
					"DEBUG=1",
					"$(inherited)",
				);
				GCC_WARN_64_TO_32_BIT_CONVERSION = YES;
				GCC_WARN_ABOUT_RETURN_TYPE = YES_ERROR;
				GCC_WARN_UNDECLARED_SELECTOR = YES;
				GCC_WARN_UNINITIALIZED_AUTOS = YES_AGGRESSIVE;
				GCC_WARN_UNUSED_FUNCTION = YES;
				GCC_WARN_UNUSED_VARIABLE = YES;
				IPHONEOS_DEPLOYMENT_TARGET = 10.2;
				MTL_ENABLE_DEBUG_INFO = YES;
				ONLY_ACTIVE_ARCH = YES;
				SDKROOT = iphoneos;
				SWIFT_ACTIVE_COMPILATION_CONDITIONS = DEBUG;
				SWIFT_OPTIMIZATION_LEVEL = "-Onone";
			};
			name = Debug;
		};
		9B1679021E9E4E7700FF94DC /* Release */ = {
			isa = XCBuildConfiguration;
			buildSettings = {
				ALWAYS_SEARCH_USER_PATHS = NO;
				CLANG_ANALYZER_NONNULL = YES;
				CLANG_CXX_LANGUAGE_STANDARD = "gnu++0x";
				CLANG_CXX_LIBRARY = "libc++";
				CLANG_ENABLE_MODULES = YES;
				CLANG_ENABLE_OBJC_ARC = YES;
				CLANG_WARN_BOOL_CONVERSION = YES;
				CLANG_WARN_CONSTANT_CONVERSION = YES;
				CLANG_WARN_DIRECT_OBJC_ISA_USAGE = YES_ERROR;
				CLANG_WARN_DOCUMENTATION_COMMENTS = YES;
				CLANG_WARN_EMPTY_BODY = YES;
				CLANG_WARN_ENUM_CONVERSION = YES;
				CLANG_WARN_INFINITE_RECURSION = YES;
				CLANG_WARN_INT_CONVERSION = YES;
				CLANG_WARN_OBJC_ROOT_CLASS = YES_ERROR;
				CLANG_WARN_SUSPICIOUS_MOVE = YES;
				CLANG_WARN_UNREACHABLE_CODE = YES;
				CLANG_WARN__DUPLICATE_METHOD_MATCH = YES;
				"CODE_SIGN_IDENTITY[sdk=iphoneos*]" = "iPhone Developer";
				COPY_PHASE_STRIP = NO;
				DEBUG_INFORMATION_FORMAT = "dwarf-with-dsym";
				ENABLE_NS_ASSERTIONS = NO;
				ENABLE_STRICT_OBJC_MSGSEND = YES;
				GCC_C_LANGUAGE_STANDARD = gnu99;
				GCC_NO_COMMON_BLOCKS = YES;
				GCC_WARN_64_TO_32_BIT_CONVERSION = YES;
				GCC_WARN_ABOUT_RETURN_TYPE = YES_ERROR;
				GCC_WARN_UNDECLARED_SELECTOR = YES;
				GCC_WARN_UNINITIALIZED_AUTOS = YES_AGGRESSIVE;
				GCC_WARN_UNUSED_FUNCTION = YES;
				GCC_WARN_UNUSED_VARIABLE = YES;
				IPHONEOS_DEPLOYMENT_TARGET = 10.2;
				MTL_ENABLE_DEBUG_INFO = NO;
				SDKROOT = iphoneos;
				SWIFT_OPTIMIZATION_LEVEL = "-Owholemodule";
				VALIDATE_PRODUCT = YES;
			};
			name = Release;
		};
		9B1679041E9E4E7700FF94DC /* Debug */ = {
			isa = XCBuildConfiguration;
			baseConfigurationReference = F0AB1F798209E97E1B46D4B6 /* Pods-swiftMVVM.debug.xcconfig */;
			buildSettings = {
				ASSETCATALOG_COMPILER_APPICON_NAME = AppIcon;
				DEVELOPMENT_TEAM = "";
				INFOPLIST_FILE = swiftMVVM/Info.plist;
				LD_RUNPATH_SEARCH_PATHS = "$(inherited) @executable_path/Frameworks";
				PRODUCT_BUNDLE_IDENTIFIER = app.swiftMVVM;
				PRODUCT_NAME = "$(TARGET_NAME)";
				SWIFT_VERSION = 3.0;
			};
			name = Debug;
		};
		9B1679051E9E4E7700FF94DC /* Release */ = {
			isa = XCBuildConfiguration;
			baseConfigurationReference = 98748300826FCF1438FEE286 /* Pods-swiftMVVM.release.xcconfig */;
			buildSettings = {
				ASSETCATALOG_COMPILER_APPICON_NAME = AppIcon;
				DEVELOPMENT_TEAM = "";
				INFOPLIST_FILE = swiftMVVM/Info.plist;
				LD_RUNPATH_SEARCH_PATHS = "$(inherited) @executable_path/Frameworks";
				PRODUCT_BUNDLE_IDENTIFIER = app.swiftMVVM;
				PRODUCT_NAME = "$(TARGET_NAME)";
				SWIFT_VERSION = 3.0;
			};
			name = Release;
		};
		9B1679071E9E4E7700FF94DC /* Debug */ = {
			isa = XCBuildConfiguration;
			buildSettings = {
				ALWAYS_EMBED_SWIFT_STANDARD_LIBRARIES = YES;
				INFOPLIST_FILE = swiftMVVMUITests/Info.plist;
				LD_RUNPATH_SEARCH_PATHS = "$(inherited) @executable_path/Frameworks @loader_path/Frameworks";
				PRODUCT_BUNDLE_IDENTIFIER = app.swiftMVVMUITests;
				PRODUCT_NAME = "$(TARGET_NAME)";
				SWIFT_VERSION = 3.0;
				TEST_TARGET_NAME = swiftMVVM;
			};
			name = Debug;
		};
		9B1679081E9E4E7700FF94DC /* Release */ = {
			isa = XCBuildConfiguration;
			buildSettings = {
				ALWAYS_EMBED_SWIFT_STANDARD_LIBRARIES = YES;
				INFOPLIST_FILE = swiftMVVMUITests/Info.plist;
				LD_RUNPATH_SEARCH_PATHS = "$(inherited) @executable_path/Frameworks @loader_path/Frameworks";
				PRODUCT_BUNDLE_IDENTIFIER = app.swiftMVVMUITests;
				PRODUCT_NAME = "$(TARGET_NAME)";
				SWIFT_VERSION = 3.0;
				TEST_TARGET_NAME = swiftMVVM;
			};
			name = Release;
		};
/* End XCBuildConfiguration section */

/* Begin XCConfigurationList section */
		9B1678E11E9E4E7700FF94DC /* Build configuration list for PBXProject "swiftMVVM" */ = {
			isa = XCConfigurationList;
			buildConfigurations = (
				9B1679011E9E4E7700FF94DC /* Debug */,
				9B1679021E9E4E7700FF94DC /* Release */,
			);
			defaultConfigurationIsVisible = 0;
			defaultConfigurationName = Release;
		};
		9B1679031E9E4E7700FF94DC /* Build configuration list for PBXNativeTarget "swiftMVVM" */ = {
			isa = XCConfigurationList;
			buildConfigurations = (
				9B1679041E9E4E7700FF94DC /* Debug */,
				9B1679051E9E4E7700FF94DC /* Release */,
			);
			defaultConfigurationIsVisible = 0;
			defaultConfigurationName = Release;
		};
		9B1679061E9E4E7700FF94DC /* Build configuration list for PBXNativeTarget "swiftMVVMUITests" */ = {
			isa = XCConfigurationList;
			buildConfigurations = (
				9B1679071E9E4E7700FF94DC /* Debug */,
				9B1679081E9E4E7700FF94DC /* Release */,
			);
			defaultConfigurationIsVisible = 0;
			defaultConfigurationName = Release;
		};
/* End XCConfigurationList section */
	};
	rootObject = 9B1678DE1E9E4E7700FF94DC /* Project object */;
}
